
Microsoft Visual Studio Solution File, Format Version 12.00
# Visual Studio Version 17
VisualStudioVersion = 17.14.36202.13 d17.14
MinimumVisualStudioVersion = 10.0.40219.1
Project("{FAE04EC0-301F-11D3-BF4B-00C04F79EFBC}") = "Entities", "Entities\Entities.csproj", "{598108C5-21B3-4E5B-9A63-415D0A3947FD}"
EndProject
Project("{FAE04EC0-301F-11D3-BF4B-00C04F79EFBC}") = "BusinessLayer", "BusinessLayer\BusinessLayer.csproj", "{95CED5CB-2DFF-463E-A684-AB562F3FED60}"
EndProject
Project("{FAE04EC0-301F-11D3-BF4B-00C04F79EFBC}") = "DataLayer", "DataLayer\DataLayer.csproj", "{452DF409-2A19-4B36-8695-5DC807DDEC1D}"
EndProject
Project("{FAE04EC0-301F-11D3-BF4B-00C04F79EFBC}") = "PresentationLayer", "PresentationLayer\PresentationLayer.csproj", "{1FAA34B1-7421-4D8A-B40D-95766A8C78D4}"
EndProject
Global
	GlobalSection(SolutionConfigurationPlatforms) = preSolution
		Debug|Any CPU = Debug|Any CPU
		Release|Any CPU = Release|Any CPU
	EndGlobalSection
	GlobalSection(ProjectConfigurationPlatforms) = postSolution
		{598108C5-21B3-4E5B-9A63-415D0A3947FD}.Debug|Any CPU.ActiveCfg = Debug|Any CPU
		{598108C5-21B3-4E5B-9A63-415D0A3947FD}.Debug|Any CPU.Build.0 = Debug|Any CPU
		{598108C5-21B3-4E5B-9A63-415D0A3947FD}.Release|Any CPU.ActiveCfg = Release|Any CPU
		{598108C5-21B3-4E5B-9A63-415D0A3947FD}.Release|Any CPU.Build.0 = Release|Any CPU
		{95CED5CB-2DFF-463E-A684-AB562F3FED60}.Debug|Any CPU.ActiveCfg = Debug|Any CPU
		{95CED5CB-2DFF-463E-A684-AB562F3FED60}.Debug|Any CPU.Build.0 = Debug|Any CPU
		{95CED5CB-2DFF-463E-A684-AB562F3FED60}.Release|Any CPU.ActiveCfg = Release|Any CPU
		{95CED5CB-2DFF-463E-A684-AB562F3FED60}.Release|Any CPU.Build.0 = Release|Any CPU
		{452DF409-2A19-4B36-8695-5DC807DDEC1D}.Debug|Any CPU.ActiveCfg = Debug|Any CPU
		{452DF409-2A19-4B36-8695-5DC807DDEC1D}.Debug|Any CPU.Build.0 = Debug|Any CPU
		{452DF409-2A19-4B36-8695-5DC807DDEC1D}.Release|Any CPU.ActiveCfg = Release|Any CPU
		{452DF409-2A19-4B36-8695-5DC807DDEC1D}.Release|Any CPU.Build.0 = Release|Any CPU
		{1FAA34B1-7421-4D8A-B40D-95766A8C78D4}.Debug|Any CPU.ActiveCfg = Debug|Any CPU
		{1FAA34B1-7421-4D8A-B40D-95766A8C78D4}.Debug|Any CPU.Build.0 = Debug|Any CPU
		{1FAA34B1-7421-4D8A-B40D-95766A8C78D4}.Release|Any CPU.ActiveCfg = Release|Any CPU
		{1FAA34B1-7421-4D8A-B40D-95766A8C78D4}.Release|Any CPU.Build.0 = Release|Any CPU
	EndGlobalSection
	GlobalSection(SolutionProperties) = preSolution
		HideSolutionNode = FALSE
	EndGlobalSection
	GlobalSection(ExtensibilityGlobals) = postSolution
		SolutionGuid = {AC13D8B1-DF2D-4D8F-A67C-53504E0D5A68}
	EndGlobalSection
EndGlobal
